
Microsoft Visual Studio Solution File, Format Version 12.00
# Visual Studio 14
VisualStudioVersion = 14.0.24720.0
MinimumVisualStudioVersion = 10.0.40219.1
Project("{FAE04EC0-301F-11D3-BF4B-00C04F79EFBC}") = "Presentacion", "Presentacion\Presentacion.csproj", "{264D57F7-7796-4BED-8659-CC0BF8F86C87}"
EndProject
Global
	GlobalSection(SolutionConfigurationPlatforms) = preSolution
		Debug|Any CPU = Debug|Any CPU
		Release|Any CPU = Release|Any CPU
	EndGlobalSection
	GlobalSection(ProjectConfigurationPlatforms) = postSolution
		{264D57F7-7796-4BED-8659-CC0BF8F86C87}.Debug|Any CPU.ActiveCfg = Debug|Any CPU
		{264D57F7-7796-4BED-8659-CC0BF8F86C87}.Debug|Any CPU.Build.0 = Debug|Any CPU
		{264D57F7-7796-4BED-8659-CC0BF8F86C87}.Release|Any CPU.ActiveCfg = Release|Any CPU
		{264D57F7-7796-4BED-8659-CC0BF8F86C87}.Release|Any CPU.Build.0 = Release|Any CPU
	EndGlobalSection
	GlobalSection(SolutionProperties) = preSolution
		HideSolutionNode = FALSE
	EndGlobalSection
EndGlobal
